
Microsoft Visual Studio Solution File, Format Version 12.00
# Visual Studio Version 17
VisualStudioVersion = 17.3.32901.215
MinimumVisualStudioVersion = 10.0.40219.1
Project("{FAE04EC0-301F-11D3-BF4B-00C04F79EFBC}") = "NarrativeDialogue", "NarrativeDialogue\NarrativeDialogue.csproj", "{A020326F-8F08-4009-9A27-9A2395D2EF4D}"
EndProject
Global
	GlobalSection(SolutionConfigurationPlatforms) = preSolution
		Debug|Any CPU = Debug|Any CPU
		Release|Any CPU = Release|Any CPU
	EndGlobalSection
	GlobalSection(ProjectConfigurationPlatforms) = postSolution
		{A020326F-8F08-4009-9A27-9A2395D2EF4D}.Debug|Any CPU.ActiveCfg = Debug|Any CPU
		{A020326F-8F08-4009-9A27-9A2395D2EF4D}.Debug|Any CPU.Build.0 = Debug|Any CPU
		{A020326F-8F08-4009-9A27-9A2395D2EF4D}.Release|Any CPU.ActiveCfg = Release|Any CPU
		{A020326F-8F08-4009-9A27-9A2395D2EF4D}.Release|Any CPU.Build.0 = Release|Any CPU
	EndGlobalSection
	GlobalSection(SolutionProperties) = preSolution
		HideSolutionNode = FALSE
	EndGlobalSection
	GlobalSection(ExtensibilityGlobals) = postSolution
		SolutionGuid = {4B0F265D-0AC9-4A97-A60D-8A593A4171BF}
	EndGlobalSection
EndGlobal
