
Microsoft Visual Studio Solution File, Format Version 12.00
# Visual Studio Version 17
VisualStudioVersion = 17.3.32901.215
MinimumVisualStudioVersion = 10.0.40219.1
Project("{FAE04EC0-301F-11D3-BF4B-00C04F79EFBC}") = "ConsoleApp1", "ConsoleApp1\ConsoleApp1.csproj", "{5732DB2D-5AAD-4243-88EA-CF686646392E}"
EndProject
Global
	GlobalSection(SolutionConfigurationPlatforms) = preSolution
		Debug|Any CPU = Debug|Any CPU
		Release|Any CPU = Release|Any CPU
	EndGlobalSection
	GlobalSection(ProjectConfigurationPlatforms) = postSolution
		{5732DB2D-5AAD-4243-88EA-CF686646392E}.Debug|Any CPU.ActiveCfg = Debug|Any CPU
		{5732DB2D-5AAD-4243-88EA-CF686646392E}.Debug|Any CPU.Build.0 = Debug|Any CPU
		{5732DB2D-5AAD-4243-88EA-CF686646392E}.Release|Any CPU.ActiveCfg = Release|Any CPU
		{5732DB2D-5AAD-4243-88EA-CF686646392E}.Release|Any CPU.Build.0 = Release|Any CPU
	EndGlobalSection
	GlobalSection(SolutionProperties) = preSolution
		HideSolutionNode = FALSE
	EndGlobalSection
	GlobalSection(ExtensibilityGlobals) = postSolution
		SolutionGuid = {8BDADDB3-A3AE-4362-B0D6-2D9BB2271A66}
	EndGlobalSection
EndGlobal
